
Microsoft Visual Studio Solution File, Format Version 12.00
# Visual Studio Version 17
VisualStudioVersion = 17.0.31903.59
MinimumVisualStudioVersion = 10.0.40219.1
Project("{FAE04EC0-301F-11D3-BF4B-00C04F79EFBC}") = "BlazorCampamentos", "BlazorCampamentos\BlazorCampamentos.csproj", "{0115C816-C78C-4A5B-91BE-0516C69FBDEA}"
EndProject
Global
	GlobalSection(SolutionConfigurationPlatforms) = preSolution
		Debug|Any CPU = Debug|Any CPU
		Release|Any CPU = Release|Any CPU
	EndGlobalSection
	GlobalSection(SolutionProperties) = preSolution
		HideSolutionNode = FALSE
	EndGlobalSection
	GlobalSection(ProjectConfigurationPlatforms) = postSolution
		{0115C816-C78C-4A5B-91BE-0516C69FBDEA}.Debug|Any CPU.ActiveCfg = Debug|Any CPU
		{0115C816-C78C-4A5B-91BE-0516C69FBDEA}.Debug|Any CPU.Build.0 = Debug|Any CPU
		{0115C816-C78C-4A5B-91BE-0516C69FBDEA}.Release|Any CPU.ActiveCfg = Release|Any CPU
		{0115C816-C78C-4A5B-91BE-0516C69FBDEA}.Release|Any CPU.Build.0 = Release|Any CPU
	EndGlobalSection
EndGlobal
